# This file was autogenerated by Stack.
# You should not edit this file by hand.
# For more information, please see the documentation at:
#   https://docs.haskellstack.org/en/stable/lock_files

packages:
- completed:
    hackage: AES-0.2.9@sha256:9e51c1b1687fe35ccd0f2983e861b5b0441399803ff76b192530984724a68d6f,1315
    pantry-tree:
      size: 1202
      sha256: 383c2297d0981a273480b929a460acaaae92ac6287217fcff0c88a23aa0b548e
  original:
    hackage: AES-0.2.9
snapshots:
- completed:
    size: 532380
    url: https://raw.githubusercontent.com/commercialhaskell/stackage-snapshots/master/lts/16/16.yaml
    sha256: d6b004b095fe2a0b8b14fbc30014ee97e58843b9c9362ddb9244273dda62649e
  original: lts-16.16
